// !$*UTF8*$!
{
	archiveVersion = 1;
	classes = {
	};
	objectVersion = 46;
	objects = {

/* Begin PBXBuildFile section */
		947698F81C9DC52D0043A035 /* AppDelegate.swift in Sources */ = {isa = PBXBuildFile; fileRef = 947698F71C9DC52D0043A035 /* AppDelegate.swift */; };
		947698FA1C9DC52D0043A035 /* ViewController.swift in Sources */ = {isa = PBXBuildFile; fileRef = 947698F91C9DC52D0043A035 /* ViewController.swift */; };
		947698FD1C9DC52D0043A035 /* Main.storyboard in Resources */ = {isa = PBXBuildFile; fileRef = 947698FB1C9DC52D0043A035 /* Main.storyboard */; };
		947698FF1C9DC52D0043A035 /* Assets.xcassets in Resources */ = {isa = PBXBuildFile; fileRef = 947698FE1C9DC52D0043A035 /* Assets.xcassets */; };
		947699021C9DC52D0043A035 /* LaunchScreen.storyboard in Resources */ = {isa = PBXBuildFile; fileRef = 947699001C9DC52D0043A035 /* LaunchScreen.storyboard */; };
		9476990A1C9DCD770043A035 /* DetailVC.swift in Sources */ = {isa = PBXBuildFile; fileRef = 947699091C9DCD770043A035 /* DetailVC.swift */; };
/* End PBXBuildFile section */

/* Begin PBXFileReference section */
		947698F41C9DC52D0043A035 /* favorite-place.app */ = {isa = PBXFileReference; explicitFileType = wrapper.application; includeInIndex = 0; path = "favorite-place.app"; sourceTree = BUILT_PRODUCTS_DIR; };
		947698F71C9DC52D0043A035 /* AppDelegate.swift */ = {isa = PBXFileReference; lastKnownFileType = sourcecode.swift; path = AppDelegate.swift; sourceTree = "<group>"; };
		947698F91C9DC52D0043A035 /* ViewController.swift */ = {isa = PBXFileReference; lastKnownFileType = sourcecode.swift; path = ViewController.swift; sourceTree = "<group>"; };
		947698FC1C9DC52D0043A035 /* Base */ = {isa = PBXFileReference; lastKnownFileType = file.storyboard; name = Base; path = Base.lproj/Main.storyboard; sourceTree = "<group>"; };
		947698FE1C9DC52D0043A035 /* Assets.xcassets */ = {isa = PBXFileReference; lastKnownFileType = folder.assetcatalog; path = Assets.xcassets; sourceTree = "<group>"; };
		947699011C9DC52D0043A035 /* Base */ = {isa = PBXFileReference; lastKnownFileType = file.storyboard; name = Base; path = Base.lproj/LaunchScreen.storyboard; sourceTree = "<group>"; };
		947699031C9DC52D0043A035 /* Info.plist */ = {isa = PBXFileReference; lastKnownFileType = text.plist.xml; path = Info.plist; sourceTree = "<group>"; };
		947699091C9DCD770043A035 /* DetailVC.swift */ = {isa = PBXFileReference; fileEncoding = 4; lastKnownFileType = sourcecode.swift; path = DetailVC.swift; sourceTree = "<group>"; };
/* End PBXFileReference section */

/* Begin PBXFrameworksBuildPhase section */
		947698F11C9DC52D0043A035 /* Frameworks */ = {
			isa = PBXFrameworksBuildPhase;
			buildActionMask = 2147483647;
			files = (
			);
			runOnlyForDeploymentPostprocessing = 0;
		};
/* End PBXFrameworksBuildPhase section */

/* Begin PBXGroup section */
		947698EB1C9DC52D0043A035 = {
			isa = PBXGroup;
			children = (
				947698F61C9DC52D0043A035 /* favorite-place */,
				947698F51C9DC52D0043A035 /* Products */,
			);
			sourceTree = "<group>";
		};
		947698F51C9DC52D0043A035 /* Products */ = {
			isa = PBXGroup;
			children = (
				947698F41C9DC52D0043A035 /* favorite-place.app */,
			);
			name = Products;
			sourceTree = "<group>";
		};
		947698F61C9DC52D0043A035 /* favorite-place */ = {
			isa = PBXGroup;
			children = (
				947698F71C9DC52D0043A035 /* AppDelegate.swift */,
				947698F91C9DC52D0043A035 /* ViewController.swift */,
				947699091C9DCD770043A035 /* DetailVC.swift */,
				947698FB1C9DC52D0043A035 /* Main.storyboard */,
				947698FE1C9DC52D0043A035 /* Assets.xcassets */,
				947699001C9DC52D0043A035 /* LaunchScreen.storyboard */,
				947699031C9DC52D0043A035 /* Info.plist */,
			);
			path = "favorite-place";
			sourceTree = "<group>";
		};
/* End PBXGroup section */

/* Begin PBXNativeTarget section */
		947698F31C9DC52D0043A035 /* favorite-place */ = {
			isa = PBXNativeTarget;
			buildConfigurationList = 947699061C9DC52D0043A035 /* Build configuration list for PBXNativeTarget "favorite-place" */;
			buildPhases = (
				947698F01C9DC52D0043A035 /* Sources */,
				947698F11C9DC52D0043A035 /* Frameworks */,
				947698F21C9DC52D0043A035 /* Resources */,
			);
			buildRules = (
			);
			dependencies = (
			);
			name = "favorite-place";
			productName = "favorite-place";
			productReference = 947698F41C9DC52D0043A035 /* favorite-place.app */;
			productType = "com.apple.product-type.application";
		};
/* End PBXNativeTarget section */

/* Begin PBXProject section */
		947698EC1C9DC52D0043A035 /* Project object */ = {
			isa = PBXProject;
			attributes = {
				LastSwiftUpdateCheck = 0730;
				LastUpgradeCheck = 0730;
				ORGANIZATIONNAME = "Ryan Collins";
				TargetAttributes = {
					947698F31C9DC52D0043A035 = {
						CreatedOnToolsVersion = 7.3;
						DevelopmentTeam = 8VF4S3W85G;
					};
				};
			};
			buildConfigurationList = 947698EF1C9DC52D0043A035 /* Build configuration list for PBXProject "favorite-place" */;
			compatibilityVersion = "Xcode 3.2";
			developmentRegion = English;
			hasScannedForEncodings = 0;
			knownRegions = (
				en,
				Base,
			);
			mainGroup = 947698EB1C9DC52D0043A035;
			productRefGroup = 947698F51C9DC52D0043A035 /* Products */;
			projectDirPath = "";
			projectRoot = "";
			targets = (
				947698F31C9DC52D0043A035 /* favorite-place */,
			);
		};
/* End PBXProject section */

/* Begin PBXResourcesBuildPhase section */
		947698F21C9DC52D0043A035 /* Resources */ = {
			isa = PBXResourcesBuildPhase;
			buildActionMask = 2147483647;
			files = (
				947699021C9DC52D0043A035 /* LaunchScreen.storyboard in Resources */,
				947698FF1C9DC52D0043A035 /* Assets.xcassets in Resources */,
				947698FD1C9DC52D0043A035 /* Main.storyboard in Resources */,
			);
			runOnlyForDeploymentPostprocessing = 0;
		};
/* End PBXResourcesBuildPhase section */

/* Begin PBXSourcesBuildPhase section */
		947698F01C9DC52D0043A035 /* Sources */ = {
			isa = PBXSourcesBuildPhase;
			buildActionMask = 2147483647;
			files = (
				947698FA1C9DC52D0043A035 /* ViewController.swift in Sources */,
				947698F81C9DC52D0043A035 /* AppDelegate.swift in Sources */,
				9476990A1C9DCD770043A035 /* DetailVC.swift in Sources */,
			);
			runOnlyForDeploymentPostprocessing = 0;
		};
/* End PBXSourcesBuildPhase section */

/* Begin PBXVariantGroup section */
		947698FB1C9DC52D0043A035 /* Main.storyboard */ = {
			isa = PBXVariantGroup;
			children = (
				947698FC1C9DC52D0043A035 /* Base */,
			);
			name = Main.storyboard;
			sourceTree = "<group>";
		};
		947699001C9DC52D0043A035 /* LaunchScreen.storyboard */ = {
			isa = PBXVariantGroup;
			children = (
				947699011C9DC52D0043A035 /* Base */,
			);
			name = LaunchScreen.storyboard;
			sourceTree = "<group>";
		};
/* End PBXVariantGroup section */

/* Begin XCBuildConfiguration section */
		947699041C9DC52D0043A035 /* Debug */ = {
			isa = XCBuildConfiguration;
			buildSettings = {
				ALWAYS_SEARCH_USER_PATHS = NO;
				CLANG_ANALYZER_NONNULL = YES;
				CLANG_CXX_LANGUAGE_STANDARD = "gnu++0x";
				CLANG_CXX_LIBRARY = "libc++";
				CLANG_ENABLE_MODULES = YES;
				CLANG_ENABLE_OBJC_ARC = YES;
				CLANG_WARN_BOOL_CONVERSION = YES;
				CLANG_WARN_CONSTANT_CONVERSION = YES;
				CLANG_WARN_DIRECT_OBJC_ISA_USAGE = YES_ERROR;
				CLANG_WARN_EMPTY_BODY = YES;
				CLANG_WARN_ENUM_CONVERSION = YES;
				CLANG_WARN_INT_CONVERSION = YES;
				CLANG_WARN_OBJC_ROOT_CLASS = YES_ERROR;
				CLANG_WARN_UNREACHABLE_CODE = YES;
				CLANG_WARN__DUPLICATE_METHOD_MATCH = YES;
				"CODE_SIGN_IDENTITY[sdk=iphoneos*]" = "iPhone Developer";
				COPY_PHASE_STRIP = NO;
				DEBUG_INFORMATION_FORMAT = dwarf;
				ENABLE_STRICT_OBJC_MSGSEND = YES;
				ENABLE_TESTABILITY = YES;
				GCC_C_LANGUAGE_STANDARD = gnu99;
				GCC_DYNAMIC_NO_PIC = NO;
				GCC_NO_COMMON_BLOCKS = YES;
				GCC_OPTIMIZATION_LEVEL = 0;
				GCC_PREPROCESSOR_DEFINITIONS = (
					"DEBUG=1",
					"$(inherited)",
				);
				GCC_WARN_64_TO_32_BIT_CONVERSION = YES;
				GCC_WARN_ABOUT_RETURN_TYPE = YES_ERROR;
				GCC_WARN_UNDECLARED_SELECTOR = YES;
				GCC_WARN_UNINITIALIZED_AUTOS = YES_AGGRESSIVE;
				GCC_WARN_UNUSED_FUNCTION = YES;
				GCC_WARN_UNUSED_VARIABLE = YES;
				IPHONEOS_DEPLOYMENT_TARGET = 9.3;
				MTL_ENABLE_DEBUG_INFO = YES;
				ONLY_ACTIVE_ARCH = YES;
				SDKROOT = iphoneos;
				SWIFT_OPTIMIZATION_LEVEL = "-Onone";
				TARGETED_DEVICE_FAMILY = "1,2";
			};
			name = Debug;
		};
		947699051C9DC52D0043A035 /* Release */ = {
			isa = XCBuildConfiguration;
			buildSettings = {
				ALWAYS_SEARCH_USER_PATHS = NO;
				CLANG_ANALYZER_NONNULL = YES;
				CLANG_CXX_LANGUAGE_STANDARD = "gnu++0x";
				CLANG_CXX_LIBRARY = "libc++";
				CLANG_ENABLE_MODULES = YES;
				CLANG_ENABLE_OBJC_ARC = YES;
				CLANG_WARN_BOOL_CONVERSION = YES;
				CLANG_WARN_CONSTANT_CONVERSION = YES;
				CLANG_WARN_DIRECT_OBJC_ISA_USAGE = YES_ERROR;
				CLANG_WARN_EMPTY_BODY = YES;
				CLANG_WARN_ENUM_CONVERSION = YES;
				CLANG_WARN_INT_CONVERSION = YES;
				CLANG_WARN_OBJC_ROOT_CLASS = YES_ERROR;
				CLANG_WARN_UNREACHABLE_CODE = YES;
				CLANG_WARN__DUPLICATE_METHOD_MATCH = YES;
				"CODE_SIGN_IDENTITY[sdk=iphoneos*]" = "iPhone Developer";
				COPY_PHASE_STRIP = NO;
				DEBUG_INFORMATION_FORMAT = "dwarf-with-dsym";
				ENABLE_NS_ASSERTIONS = NO;
				ENABLE_STRICT_OBJC_MSGSEND = YES;
				GCC_C_LANGUAGE_STANDARD = gnu99;
				GCC_NO_COMMON_BLOCKS = YES;
				GCC_WARN_64_TO_32_BIT_CONVERSION = YES;
				GCC_WARN_ABOUT_RETURN_TYPE = YES_ERROR;
				GCC_WARN_UNDECLARED_SELECTOR = YES;
				GCC_WARN_UNINITIALIZED_AUTOS = YES_AGGRESSIVE;
				GCC_WARN_UNUSED_FUNCTION = YES;
				GCC_WARN_UNUSED_VARIABLE = YES;
				IPHONEOS_DEPLOYMENT_TARGET = 9.3;
				MTL_ENABLE_DEBUG_INFO = NO;
				SDKROOT = iphoneos;
				TARGETED_DEVICE_FAMILY = "1,2";
				VALIDATE_PRODUCT = YES;
			};
			name = Release;
		};
		947699071C9DC52D0043A035 /* Debug */ = {
			isa = XCBuildConfiguration;
			buildSettings = {
				ASSETCATALOG_COMPILER_APPICON_NAME = AppIcon;
				CODE_SIGN_IDENTITY = "iPhone Developer";
				INFOPLIST_FILE = "favorite-place/Info.plist";
				LD_RUNPATH_SEARCH_PATHS = "$(inherited) @executable_path/Frameworks";
				PRODUCT_BUNDLE_IDENTIFIER = "com.ryanmcollins.favorite-place";
				PRODUCT_NAME = "$(TARGET_NAME)";
			};
			name = Debug;
		};
		947699081C9DC52D0043A035 /* Release */ = {
			isa = XCBuildConfiguration;
			buildSettings = {
				ASSETCATALOG_COMPILER_APPICON_NAME = AppIcon;
				CODE_SIGN_IDENTITY = "iPhone Developer";
				INFOPLIST_FILE = "favorite-place/Info.plist";
				LD_RUNPATH_SEARCH_PATHS = "$(inherited) @executable_path/Frameworks";
				PRODUCT_BUNDLE_IDENTIFIER = "com.ryanmcollins.favorite-place";
				PRODUCT_NAME = "$(TARGET_NAME)";
			};
			name = Release;
		};
/* End XCBuildConfiguration section */

/* Begin XCConfigurationList section */
		947698EF1C9DC52D0043A035 /* Build configuration list for PBXProject "favorite-place" */ = {
			isa = XCConfigurationList;
			buildConfigurations = (
				947699041C9DC52D0043A035 /* Debug */,
				947699051C9DC52D0043A035 /* Release */,
			);
			defaultConfigurationIsVisible = 0;
			defaultConfigurationName = Release;
		};
		947699061C9DC52D0043A035 /* Build configuration list for PBXNativeTarget "favorite-place" */ = {
			isa = XCConfigurationList;
			buildConfigurations = (
				947699071C9DC52D0043A035 /* Debug */,
				947699081C9DC52D0043A035 /* Release */,
			);
			defaultConfigurationIsVisible = 0;
		};
/* End XCConfigurationList section */
	};
	rootObject = 947698EC1C9DC52D0043A035 /* Project object */;
}
